
Microsoft Visual Studio Solution File, Format Version 12.00
# Visual Studio Version 17
VisualStudioVersion = 17.4.33213.308
MinimumVisualStudioVersion = 10.0.40219.1
Project("{9A19103F-16F7-4668-BE54-9A1E7A4F7556}") = "GenerateKeyPairART", "GenerateKeyPairART\GenerateKeyPairART.csproj", "{304EE20F-235E-4288-84BE-446B73121181}"
EndProject
Project("{FAE04EC0-301F-11D3-BF4B-00C04F79EFBC}") = "SaveKeyPair", "SaveKeyPair\SaveKeyPair.csproj", "{8E7DD4EC-8468-4660-8901-83FAF2979790}"
EndProject
Global
	GlobalSection(SolutionConfigurationPlatforms) = preSolution
		Debug|Any CPU = Debug|Any CPU
		Release|Any CPU = Release|Any CPU
	EndGlobalSection
	GlobalSection(ProjectConfigurationPlatforms) = postSolution
		{304EE20F-235E-4288-84BE-446B73121181}.Debug|Any CPU.ActiveCfg = Debug|Any CPU
		{304EE20F-235E-4288-84BE-446B73121181}.Debug|Any CPU.Build.0 = Debug|Any CPU
		{304EE20F-235E-4288-84BE-446B73121181}.Release|Any CPU.ActiveCfg = Release|Any CPU
		{304EE20F-235E-4288-84BE-446B73121181}.Release|Any CPU.Build.0 = Release|Any CPU
		{8E7DD4EC-8468-4660-8901-83FAF2979790}.Debug|Any CPU.ActiveCfg = Debug|Any CPU
		{8E7DD4EC-8468-4660-8901-83FAF2979790}.Debug|Any CPU.Build.0 = Debug|Any CPU
		{8E7DD4EC-8468-4660-8901-83FAF2979790}.Release|Any CPU.ActiveCfg = Release|Any CPU
		{8E7DD4EC-8468-4660-8901-83FAF2979790}.Release|Any CPU.Build.0 = Release|Any CPU
	EndGlobalSection
	GlobalSection(SolutionProperties) = preSolution
		HideSolutionNode = FALSE
	EndGlobalSection
	GlobalSection(ExtensibilityGlobals) = postSolution
		SolutionGuid = {3F3817D3-AD3B-4C89-81C0-90366F8CAD01}
	EndGlobalSection
EndGlobal
